
Microsoft Visual Studio Solution File, Format Version 12.00
# Visual Studio Version 17
VisualStudioVersion = 17.5.33516.290
MinimumVisualStudioVersion = 10.0.40219.1
Project("{9A19103F-16F7-4668-BE54-9A1E7A4F7556}") = "NewsBlazor", "NewsBlazor.csproj", "{6746A58E-5E09-44C7-9ED7-93D851430E25}"
EndProject
Global
	GlobalSection(SolutionConfigurationPlatforms) = preSolution
		Debug|Any CPU = Debug|Any CPU
		Release|Any CPU = Release|Any CPU
	EndGlobalSection
	GlobalSection(ProjectConfigurationPlatforms) = postSolution
		{6746A58E-5E09-44C7-9ED7-93D851430E25}.Debug|Any CPU.ActiveCfg = Debug|Any CPU
		{6746A58E-5E09-44C7-9ED7-93D851430E25}.Debug|Any CPU.Build.0 = Debug|Any CPU
		{6746A58E-5E09-44C7-9ED7-93D851430E25}.Release|Any CPU.ActiveCfg = Release|Any CPU
		{6746A58E-5E09-44C7-9ED7-93D851430E25}.Release|Any CPU.Build.0 = Release|Any CPU
	EndGlobalSection
	GlobalSection(SolutionProperties) = preSolution
		HideSolutionNode = FALSE
	EndGlobalSection
	GlobalSection(ExtensibilityGlobals) = postSolution
		SolutionGuid = {90C31693-2A2A-4F80-9F34-63DF84D8552E}
	EndGlobalSection
EndGlobal
